schema: '2.0'
stages:
  data_ingestion:
    cmd: python src/data_ingestion.py
    deps:
    - path: src/data_ingestion.py
      hash: md5
      md5: 36461e1ae61ad882aa868f71016a504a
      size: 3466
    params:
      params.yaml:
        data_ingestion.test_size: 0.2
    outs:
    - path: data/raw
      hash: md5
      md5: 6a4d11ab83c20d7412f4696595c0b4d1.dir
      size: 479272
      nfiles: 2
  data_preprocessing:
    cmd: python src/data_preprocessing.py
    deps:
    - path: src/data_preprocessing.py
      hash: md5
      md5: 06f7727b8fd634df487a59a02b4aff42
      size: 3808
    outs:
    - path: data/interim
      hash: md5
      md5: d3f80ea917209a657caed01201ee2780.dir
      size: 254818
      nfiles: 2
  feature_engineering:
    cmd:
    - python src/feature_engineering.py
    deps:
    - path: src/feature_engineering.py
      hash: md5
      md5: 313e3f1939011e240b473db3974d1248
      size: 3727
    params:
      params.yaml:
        feature_engineering.max_features: 35
    outs:
    - path: data/processed
      hash: md5
      md5: e11dc9e7c5bf459233ca6c4954542306.dir
      size: 829495
      nfiles: 2
  model_building:
    cmd:
    - python src/model_building.py
    deps:
    - path: src/model_building.py
      hash: md5
      md5: b7c22c1b9a83b5b5cbc9931761cfecb3
      size: 4216
    params:
      params.yaml:
        model_building.n_estimators: 22
        model_building.random_state: 2
    outs:
    - path: models/model.pkl
      hash: md5
      md5: 26c7a367d904ead7198afc7abd66bd0b
      size: 720181
  model_evaluation:
    cmd:
    - python src/model_evaluation.py
    deps:
    - path: models/model.pkl
      hash: md5
      md5: 26c7a367d904ead7198afc7abd66bd0b
      size: 720181
    - path: src/model_evaluation.py
      hash: md5
      md5: efb1de9838f57b0e50862992a47805df
      size: 4502
    outs:
    - path: reports/metrics.json
      hash: md5
      md5: 531c3ea7884f3b816aa2476453253e64
      size: 140
